// !$*UTF8*$!
{
	archiveVersion = 1;
	classes = {
	};
	objectVersion = 56;
	objects = {

/* Begin PBXBuildFile section */
		3BA08F4A2A5E581700440E7C /* FirebaseAnalytics in Frameworks */ = {isa = PBXBuildFile; productRef = 3BA08F492A5E581700440E7C /* FirebaseAnalytics */; };
		3BA08F4C2A5E581700440E7C /* FirebaseAuth in Frameworks */ = {isa = PBXBuildFile; productRef = 3BA08F4B2A5E581700440E7C /* FirebaseAuth */; };
		3BA08F4E2A5E581700440E7C /* FirebaseCrashlytics in Frameworks */ = {isa = PBXBuildFile; productRef = 3BA08F4D2A5E581700440E7C /* FirebaseCrashlytics */; };
		3BA08F502A5E5C6F00440E7C /* MoreeTabView.swift in Sources */ = {isa = PBXBuildFile; fileRef = 3BA08F4F2A5E5C6F00440E7C /* MoreeTabView.swift */; };
		3BA08F5C2A5E6DD500440E7C /* GoogleService-Info.plist in Resources */ = {isa = PBXBuildFile; fileRef = 3BA08F5B2A5E6DD500440E7C /* GoogleService-Info.plist */; };
		3BD4FEFE2A5D53EA00DCD0C8 /* MSNewsApp.swift in Sources */ = {isa = PBXBuildFile; fileRef = 3BD4FEFD2A5D53EA00DCD0C8 /* MSNewsApp.swift */; };
		3BD4FF002A5D53EA00DCD0C8 /* ContentView.swift in Sources */ = {isa = PBXBuildFile; fileRef = 3BD4FEFF2A5D53EA00DCD0C8 /* ContentView.swift */; };
		3BD4FF022A5D53EE00DCD0C8 /* Assets.xcassets in Resources */ = {isa = PBXBuildFile; fileRef = 3BD4FF012A5D53EE00DCD0C8 /* Assets.xcassets */; };
		3BD4FF052A5D53EE00DCD0C8 /* Preview Assets.xcassets in Resources */ = {isa = PBXBuildFile; fileRef = 3BD4FF042A5D53EE00DCD0C8 /* Preview Assets.xcassets */; };
		3BD4FF072A5D53EE00DCD0C8 /* Persistence.swift in Sources */ = {isa = PBXBuildFile; fileRef = 3BD4FF062A5D53EE00DCD0C8 /* Persistence.swift */; };
		3BD4FF0A2A5D53EE00DCD0C8 /* MSNews.xcdatamodeld in Sources */ = {isa = PBXBuildFile; fileRef = 3BD4FF082A5D53EE00DCD0C8 /* MSNews.xcdatamodeld */; };
		3BD4FF142A5D53EE00DCD0C8 /* MSNewsTests.swift in Sources */ = {isa = PBXBuildFile; fileRef = 3BD4FF132A5D53EE00DCD0C8 /* MSNewsTests.swift */; };
		3BD4FF1E2A5D53EE00DCD0C8 /* MSNewsUITests.swift in Sources */ = {isa = PBXBuildFile; fileRef = 3BD4FF1D2A5D53EE00DCD0C8 /* MSNewsUITests.swift */; };
		3BD4FF202A5D53EE00DCD0C8 /* MSNewsUITestsLaunchTests.swift in Sources */ = {isa = PBXBuildFile; fileRef = 3BD4FF1F2A5D53EE00DCD0C8 /* MSNewsUITestsLaunchTests.swift */; };
		3BD4FF312A5D5C6900DCD0C8 /* SplashScreen.swift in Sources */ = {isa = PBXBuildFile; fileRef = 3BD4FF302A5D5C6900DCD0C8 /* SplashScreen.swift */; };
		3BD4FF352A5D5F5100DCD0C8 /* SearchTabView.swift in Sources */ = {isa = PBXBuildFile; fileRef = 3BD4FF342A5D5F5100DCD0C8 /* SearchTabView.swift */; };
		3BD4FF372A5D5F5F00DCD0C8 /* NewsTabView.swift in Sources */ = {isa = PBXBuildFile; fileRef = 3BD4FF362A5D5F5F00DCD0C8 /* NewsTabView.swift */; };
		3BD4FF392A5D5F6C00DCD0C8 /* BookmarkTabView.swift in Sources */ = {isa = PBXBuildFile; fileRef = 3BD4FF382A5D5F6C00DCD0C8 /* BookmarkTabView.swift */; };
		3BD4FF402A5D608900DCD0C8 /* NewsAPI.swift in Sources */ = {isa = PBXBuildFile; fileRef = 3BD4FF3F2A5D608900DCD0C8 /* NewsAPI.swift */; };
		3BD4FF422A5D60DA00DCD0C8 /* DataStore.swift in Sources */ = {isa = PBXBuildFile; fileRef = 3BD4FF412A5D60DA00DCD0C8 /* DataStore.swift */; };
		3BD4FF442A5D60EC00DCD0C8 /* Category.swift in Sources */ = {isa = PBXBuildFile; fileRef = 3BD4FF432A5D60EC00DCD0C8 /* Category.swift */; };
		3BD4FF462A5D60FF00DCD0C8 /* Article.swift in Sources */ = {isa = PBXBuildFile; fileRef = 3BD4FF452A5D60FF00DCD0C8 /* Article.swift */; };
		3BD4FF482A5D612300DCD0C8 /* NewsAPIResponse.swift in Sources */ = {isa = PBXBuildFile; fileRef = 3BD4FF472A5D612300DCD0C8 /* NewsAPIResponse.swift */; };
		3BD4FF4A2A5D618000DCD0C8 /* ArticleNewsViewModel.swift in Sources */ = {isa = PBXBuildFile; fileRef = 3BD4FF492A5D618000DCD0C8 /* ArticleNewsViewModel.swift */; };
		3BD4FF4C2A5D619600DCD0C8 /* ArticleBookmarkViewModel.swift in Sources */ = {isa = PBXBuildFile; fileRef = 3BD4FF4B2A5D619600DCD0C8 /* ArticleBookmarkViewModel.swift */; };
		3BD4FF4E2A5D61A800DCD0C8 /* ArticleSearchViewModel.swift in Sources */ = {isa = PBXBuildFile; fileRef = 3BD4FF4D2A5D61A800DCD0C8 /* ArticleSearchViewModel.swift */; };
		3BD4FF502A5D682F00DCD0C8 /* ArticleRowView.swift in Sources */ = {isa = PBXBuildFile; fileRef = 3BD4FF4F2A5D682F00DCD0C8 /* ArticleRowView.swift */; };
		3BD4FF522A5D684C00DCD0C8 /* ArticleListView.swift in Sources */ = {isa = PBXBuildFile; fileRef = 3BD4FF512A5D684C00DCD0C8 /* ArticleListView.swift */; };
		3BD4FF542A5D687700DCD0C8 /* SafariView.swift in Sources */ = {isa = PBXBuildFile; fileRef = 3BD4FF532A5D687700DCD0C8 /* SafariView.swift */; };
		3BD4FF562A5D689200DCD0C8 /* EmptyPlaceholderView.swift in Sources */ = {isa = PBXBuildFile; fileRef = 3BD4FF552A5D689200DCD0C8 /* EmptyPlaceholderView.swift */; };
		3BD4FF582A5D68B200DCD0C8 /* RetryView.swift in Sources */ = {isa = PBXBuildFile; fileRef = 3BD4FF572A5D68B200DCD0C8 /* RetryView.swift */; };
		3BD4FF5A2A5D69CD00DCD0C8 /* SearchHistoryListView.swift in Sources */ = {isa = PBXBuildFile; fileRef = 3BD4FF592A5D69CD00DCD0C8 /* SearchHistoryListView.swift */; };
/* End PBXBuildFile section */

/* Begin PBXContainerItemProxy section */
		3BD4FF102A5D53EE00DCD0C8 /* PBXContainerItemProxy */ = {
			isa = PBXContainerItemProxy;
			containerPortal = 3BD4FEF22A5D53EA00DCD0C8 /* Project object */;
			proxyType = 1;
			remoteGlobalIDString = 3BD4FEF92A5D53EA00DCD0C8;
			remoteInfo = MSNews;
		};
		3BD4FF1A2A5D53EE00DCD0C8 /* PBXContainerItemProxy */ = {
			isa = PBXContainerItemProxy;
			containerPortal = 3BD4FEF22A5D53EA00DCD0C8 /* Project object */;
			proxyType = 1;
			remoteGlobalIDString = 3BD4FEF92A5D53EA00DCD0C8;
			remoteInfo = MSNews;
		};
/* End PBXContainerItemProxy section */

/* Begin PBXFileReference section */
		3BA08F4F2A5E5C6F00440E7C /* MoreeTabView.swift */ = {isa = PBXFileReference; lastKnownFileType = sourcecode.swift; path = MoreeTabView.swift; sourceTree = "<group>"; };
		3BA08F5B2A5E6DD500440E7C /* GoogleService-Info.plist */ = {isa = PBXFileReference; fileEncoding = 4; lastKnownFileType = text.plist.xml; path = "GoogleService-Info.plist"; sourceTree = "<group>"; };
		3BD4FEFA2A5D53EA00DCD0C8 /* MSNews.app */ = {isa = PBXFileReference; explicitFileType = wrapper.application; includeInIndex = 0; path = MSNews.app; sourceTree = BUILT_PRODUCTS_DIR; };
		3BD4FEFD2A5D53EA00DCD0C8 /* MSNewsApp.swift */ = {isa = PBXFileReference; lastKnownFileType = sourcecode.swift; path = MSNewsApp.swift; sourceTree = "<group>"; };
		3BD4FEFF2A5D53EA00DCD0C8 /* ContentView.swift */ = {isa = PBXFileReference; lastKnownFileType = sourcecode.swift; path = ContentView.swift; sourceTree = "<group>"; };
		3BD4FF012A5D53EE00DCD0C8 /* Assets.xcassets */ = {isa = PBXFileReference; lastKnownFileType = folder.assetcatalog; path = Assets.xcassets; sourceTree = "<group>"; };
		3BD4FF042A5D53EE00DCD0C8 /* Preview Assets.xcassets */ = {isa = PBXFileReference; lastKnownFileType = folder.assetcatalog; path = "Preview Assets.xcassets"; sourceTree = "<group>"; };
		3BD4FF062A5D53EE00DCD0C8 /* Persistence.swift */ = {isa = PBXFileReference; lastKnownFileType = sourcecode.swift; path = Persistence.swift; sourceTree = "<group>"; };
		3BD4FF092A5D53EE00DCD0C8 /* MSNews.xcdatamodel */ = {isa = PBXFileReference; lastKnownFileType = wrapper.xcdatamodel; path = MSNews.xcdatamodel; sourceTree = "<group>"; };
		3BD4FF0F2A5D53EE00DCD0C8 /* MSNewsTests.xctest */ = {isa = PBXFileReference; explicitFileType = wrapper.cfbundle; includeInIndex = 0; path = MSNewsTests.xctest; sourceTree = BUILT_PRODUCTS_DIR; };
		3BD4FF132A5D53EE00DCD0C8 /* MSNewsTests.swift */ = {isa = PBXFileReference; lastKnownFileType = sourcecode.swift; path = MSNewsTests.swift; sourceTree = "<group>"; };
		3BD4FF192A5D53EE00DCD0C8 /* MSNewsUITests.xctest */ = {isa = PBXFileReference; explicitFileType = wrapper.cfbundle; includeInIndex = 0; path = MSNewsUITests.xctest; sourceTree = BUILT_PRODUCTS_DIR; };
		3BD4FF1D2A5D53EE00DCD0C8 /* MSNewsUITests.swift */ = {isa = PBXFileReference; lastKnownFileType = sourcecode.swift; path = MSNewsUITests.swift; sourceTree = "<group>"; };
		3BD4FF1F2A5D53EE00DCD0C8 /* MSNewsUITestsLaunchTests.swift */ = {isa = PBXFileReference; lastKnownFileType = sourcecode.swift; path = MSNewsUITestsLaunchTests.swift; sourceTree = "<group>"; };
		3BD4FF302A5D5C6900DCD0C8 /* SplashScreen.swift */ = {isa = PBXFileReference; lastKnownFileType = sourcecode.swift; path = SplashScreen.swift; sourceTree = "<group>"; };
		3BD4FF342A5D5F5100DCD0C8 /* SearchTabView.swift */ = {isa = PBXFileReference; lastKnownFileType = sourcecode.swift; path = SearchTabView.swift; sourceTree = "<group>"; };
		3BD4FF362A5D5F5F00DCD0C8 /* NewsTabView.swift */ = {isa = PBXFileReference; lastKnownFileType = sourcecode.swift; path = NewsTabView.swift; sourceTree = "<group>"; };
		3BD4FF382A5D5F6C00DCD0C8 /* BookmarkTabView.swift */ = {isa = PBXFileReference; lastKnownFileType = sourcecode.swift; path = BookmarkTabView.swift; sourceTree = "<group>"; };
		3BD4FF3C2A5D5FE000DCD0C8 /* news.json */ = {isa = PBXFileReference; lastKnownFileType = text.json; path = news.json; sourceTree = "<group>"; };
		3BD4FF3F2A5D608900DCD0C8 /* NewsAPI.swift */ = {isa = PBXFileReference; lastKnownFileType = sourcecode.swift; path = NewsAPI.swift; sourceTree = "<group>"; };
		3BD4FF412A5D60DA00DCD0C8 /* DataStore.swift */ = {isa = PBXFileReference; lastKnownFileType = sourcecode.swift; path = DataStore.swift; sourceTree = "<group>"; };
		3BD4FF432A5D60EC00DCD0C8 /* Category.swift */ = {isa = PBXFileReference; lastKnownFileType = sourcecode.swift; path = Category.swift; sourceTree = "<group>"; };
		3BD4FF452A5D60FF00DCD0C8 /* Article.swift */ = {isa = PBXFileReference; lastKnownFileType = sourcecode.swift; path = Article.swift; sourceTree = "<group>"; };
		3BD4FF472A5D612300DCD0C8 /* NewsAPIResponse.swift */ = {isa = PBXFileReference; lastKnownFileType = sourcecode.swift; path = NewsAPIResponse.swift; sourceTree = "<group>"; };
		3BD4FF492A5D618000DCD0C8 /* ArticleNewsViewModel.swift */ = {isa = PBXFileReference; lastKnownFileType = sourcecode.swift; path = ArticleNewsViewModel.swift; sourceTree = "<group>"; };
		3BD4FF4B2A5D619600DCD0C8 /* ArticleBookmarkViewModel.swift */ = {isa = PBXFileReference; lastKnownFileType = sourcecode.swift; path = ArticleBookmarkViewModel.swift; sourceTree = "<group>"; };
		3BD4FF4D2A5D61A800DCD0C8 /* ArticleSearchViewModel.swift */ = {isa = PBXFileReference; lastKnownFileType = sourcecode.swift; path = ArticleSearchViewModel.swift; sourceTree = "<group>"; };
		3BD4FF4F2A5D682F00DCD0C8 /* ArticleRowView.swift */ = {isa = PBXFileReference; lastKnownFileType = sourcecode.swift; path = ArticleRowView.swift; sourceTree = "<group>"; };
		3BD4FF512A5D684C00DCD0C8 /* ArticleListView.swift */ = {isa = PBXFileReference; lastKnownFileType = sourcecode.swift; path = ArticleListView.swift; sourceTree = "<group>"; };
		3BD4FF532A5D687700DCD0C8 /* SafariView.swift */ = {isa = PBXFileReference; lastKnownFileType = sourcecode.swift; path = SafariView.swift; sourceTree = "<group>"; };
		3BD4FF552A5D689200DCD0C8 /* EmptyPlaceholderView.swift */ = {isa = PBXFileReference; lastKnownFileType = sourcecode.swift; path = EmptyPlaceholderView.swift; sourceTree = "<group>"; };
		3BD4FF572A5D68B200DCD0C8 /* RetryView.swift */ = {isa = PBXFileReference; lastKnownFileType = sourcecode.swift; path = RetryView.swift; sourceTree = "<group>"; };
		3BD4FF592A5D69CD00DCD0C8 /* SearchHistoryListView.swift */ = {isa = PBXFileReference; lastKnownFileType = sourcecode.swift; path = SearchHistoryListView.swift; sourceTree = "<group>"; };
/* End PBXFileReference section */

/* Begin PBXFrameworksBuildPhase section */
		3BD4FEF72A5D53EA00DCD0C8 /* Frameworks */ = {
			isa = PBXFrameworksBuildPhase;
			buildActionMask = 2147483647;
			files = (
				3BA08F4E2A5E581700440E7C /* FirebaseCrashlytics in Frameworks */,
				3BA08F4A2A5E581700440E7C /* FirebaseAnalytics in Frameworks */,
				3BA08F4C2A5E581700440E7C /* FirebaseAuth in Frameworks */,
			);
			runOnlyForDeploymentPostprocessing = 0;
		};
		3BD4FF0C2A5D53EE00DCD0C8 /* Frameworks */ = {
			isa = PBXFrameworksBuildPhase;
			buildActionMask = 2147483647;
			files = (
			);
			runOnlyForDeploymentPostprocessing = 0;
		};
		3BD4FF162A5D53EE00DCD0C8 /* Frameworks */ = {
			isa = PBXFrameworksBuildPhase;
			buildActionMask = 2147483647;
			files = (
			);
			runOnlyForDeploymentPostprocessing = 0;
		};
/* End PBXFrameworksBuildPhase section */

/* Begin PBXGroup section */
		3BD4FEF12A5D53EA00DCD0C8 = {
			isa = PBXGroup;
			children = (
				3BD4FEFC2A5D53EA00DCD0C8 /* MSNews */,
				3BD4FF122A5D53EE00DCD0C8 /* MSNewsTests */,
				3BD4FF1C2A5D53EE00DCD0C8 /* MSNewsUITests */,
				3BD4FEFB2A5D53EA00DCD0C8 /* Products */,
			);
			sourceTree = "<group>";
		};
		3BD4FEFB2A5D53EA00DCD0C8 /* Products */ = {
			isa = PBXGroup;
			children = (
				3BD4FEFA2A5D53EA00DCD0C8 /* MSNews.app */,
				3BD4FF0F2A5D53EE00DCD0C8 /* MSNewsTests.xctest */,
				3BD4FF192A5D53EE00DCD0C8 /* MSNewsUITests.xctest */,
			);
			name = Products;
			sourceTree = "<group>";
		};
		3BD4FEFC2A5D53EA00DCD0C8 /* MSNews */ = {
			isa = PBXGroup;
			children = (
				3BA08F5B2A5E6DD500440E7C /* GoogleService-Info.plist */,
				3BD4FF3C2A5D5FE000DCD0C8 /* news.json */,
				3BD4FF2F2A5D5BAB00DCD0C8 /* Models */,
				3BD4FF2E2A5D5B9C00DCD0C8 /* Views */,
				3BD4FF2D2A5D5B9300DCD0C8 /* API */,
				3BD4FF2C2A5D5B8300DCD0C8 /* ViewModel */,
				3BD4FEFD2A5D53EA00DCD0C8 /* MSNewsApp.swift */,
				3BD4FEFF2A5D53EA00DCD0C8 /* ContentView.swift */,
				3BD4FF012A5D53EE00DCD0C8 /* Assets.xcassets */,
				3BD4FF062A5D53EE00DCD0C8 /* Persistence.swift */,
				3BD4FF082A5D53EE00DCD0C8 /* MSNews.xcdatamodeld */,
				3BD4FF032A5D53EE00DCD0C8 /* Preview Content */,
			);
			path = MSNews;
			sourceTree = "<group>";
		};
		3BD4FF032A5D53EE00DCD0C8 /* Preview Content */ = {
			isa = PBXGroup;
			children = (
				3BD4FF042A5D53EE00DCD0C8 /* Preview Assets.xcassets */,
			);
			path = "Preview Content";
			sourceTree = "<group>";
		};
		3BD4FF122A5D53EE00DCD0C8 /* MSNewsTests */ = {
			isa = PBXGroup;
			children = (
				3BD4FF132A5D53EE00DCD0C8 /* MSNewsTests.swift */,
			);
			path = MSNewsTests;
			sourceTree = "<group>";
		};
		3BD4FF1C2A5D53EE00DCD0C8 /* MSNewsUITests */ = {
			isa = PBXGroup;
			children = (
				3BD4FF1D2A5D53EE00DCD0C8 /* MSNewsUITests.swift */,
				3BD4FF1F2A5D53EE00DCD0C8 /* MSNewsUITestsLaunchTests.swift */,
			);
			path = MSNewsUITests;
			sourceTree = "<group>";
		};
		3BD4FF2C2A5D5B8300DCD0C8 /* ViewModel */ = {
			isa = PBXGroup;
			children = (
				3BD4FF492A5D618000DCD0C8 /* ArticleNewsViewModel.swift */,
				3BD4FF4B2A5D619600DCD0C8 /* ArticleBookmarkViewModel.swift */,
				3BD4FF4D2A5D61A800DCD0C8 /* ArticleSearchViewModel.swift */,
			);
			path = ViewModel;
			sourceTree = "<group>";
		};
		3BD4FF2D2A5D5B9300DCD0C8 /* API */ = {
			isa = PBXGroup;
			children = (
				3BD4FF3F2A5D608900DCD0C8 /* NewsAPI.swift */,
			);
			path = API;
			sourceTree = "<group>";
		};
		3BD4FF2E2A5D5B9C00DCD0C8 /* Views */ = {
			isa = PBXGroup;
			children = (
				3BD4FF302A5D5C6900DCD0C8 /* SplashScreen.swift */,
				3BD4FF342A5D5F5100DCD0C8 /* SearchTabView.swift */,
				3BD4FF362A5D5F5F00DCD0C8 /* NewsTabView.swift */,
				3BD4FF382A5D5F6C00DCD0C8 /* BookmarkTabView.swift */,
				3BD4FF4F2A5D682F00DCD0C8 /* ArticleRowView.swift */,
				3BD4FF512A5D684C00DCD0C8 /* ArticleListView.swift */,
				3BD4FF532A5D687700DCD0C8 /* SafariView.swift */,
				3BD4FF552A5D689200DCD0C8 /* EmptyPlaceholderView.swift */,
				3BD4FF572A5D68B200DCD0C8 /* RetryView.swift */,
				3BD4FF592A5D69CD00DCD0C8 /* SearchHistoryListView.swift */,
				3BA08F4F2A5E5C6F00440E7C /* MoreeTabView.swift */,
			);
			path = Views;
			sourceTree = "<group>";
		};
		3BD4FF2F2A5D5BAB00DCD0C8 /* Models */ = {
			isa = PBXGroup;
			children = (
				3BD4FF412A5D60DA00DCD0C8 /* DataStore.swift */,
				3BD4FF432A5D60EC00DCD0C8 /* Category.swift */,
				3BD4FF452A5D60FF00DCD0C8 /* Article.swift */,
				3BD4FF472A5D612300DCD0C8 /* NewsAPIResponse.swift */,
			);
			path = Models;
			sourceTree = "<group>";
		};
/* End PBXGroup section */

/* Begin PBXNativeTarget section */
		3BD4FEF92A5D53EA00DCD0C8 /* MSNews */ = {
			isa = PBXNativeTarget;
			buildConfigurationList = 3BD4FF232A5D53EE00DCD0C8 /* Build configuration list for PBXNativeTarget "MSNews" */;
			buildPhases = (
				3BD4FEF62A5D53EA00DCD0C8 /* Sources */,
				3BD4FEF72A5D53EA00DCD0C8 /* Frameworks */,
				3BD4FEF82A5D53EA00DCD0C8 /* Resources */,
				3BA08F522A5E633100440E7C /* FirebaseCrashlytics Symbols uploader  */,
			);
			buildRules = (
			);
			dependencies = (
			);
			name = MSNews;
			packageProductDependencies = (
				3BA08F492A5E581700440E7C /* FirebaseAnalytics */,
				3BA08F4B2A5E581700440E7C /* FirebaseAuth */,
				3BA08F4D2A5E581700440E7C /* FirebaseCrashlytics */,
			);
			productName = MSNews;
			productReference = 3BD4FEFA2A5D53EA00DCD0C8 /* MSNews.app */;
			productType = "com.apple.product-type.application";
		};
		3BD4FF0E2A5D53EE00DCD0C8 /* MSNewsTests */ = {
			isa = PBXNativeTarget;
			buildConfigurationList = 3BD4FF262A5D53EE00DCD0C8 /* Build configuration list for PBXNativeTarget "MSNewsTests" */;
			buildPhases = (
				3BD4FF0B2A5D53EE00DCD0C8 /* Sources */,
				3BD4FF0C2A5D53EE00DCD0C8 /* Frameworks */,
				3BD4FF0D2A5D53EE00DCD0C8 /* Resources */,
			);
			buildRules = (
			);
			dependencies = (
				3BD4FF112A5D53EE00DCD0C8 /* PBXTargetDependency */,
			);
			name = MSNewsTests;
			productName = MSNewsTests;
			productReference = 3BD4FF0F2A5D53EE00DCD0C8 /* MSNewsTests.xctest */;
			productType = "com.apple.product-type.bundle.unit-test";
		};
		3BD4FF182A5D53EE00DCD0C8 /* MSNewsUITests */ = {
			isa = PBXNativeTarget;
			buildConfigurationList = 3BD4FF292A5D53EE00DCD0C8 /* Build configuration list for PBXNativeTarget "MSNewsUITests" */;
			buildPhases = (
				3BD4FF152A5D53EE00DCD0C8 /* Sources */,
				3BD4FF162A5D53EE00DCD0C8 /* Frameworks */,
				3BD4FF172A5D53EE00DCD0C8 /* Resources */,
			);
			buildRules = (
			);
			dependencies = (
				3BD4FF1B2A5D53EE00DCD0C8 /* PBXTargetDependency */,
			);
			name = MSNewsUITests;
			productName = MSNewsUITests;
			productReference = 3BD4FF192A5D53EE00DCD0C8 /* MSNewsUITests.xctest */;
			productType = "com.apple.product-type.bundle.ui-testing";
		};
/* End PBXNativeTarget section */

/* Begin PBXProject section */
		3BD4FEF22A5D53EA00DCD0C8 /* Project object */ = {
			isa = PBXProject;
			attributes = {
				BuildIndependentTargetsInParallel = 1;
				LastSwiftUpdateCheck = 1430;
				LastUpgradeCheck = 1430;
				TargetAttributes = {
					3BD4FEF92A5D53EA00DCD0C8 = {
						CreatedOnToolsVersion = 14.3;
					};
					3BD4FF0E2A5D53EE00DCD0C8 = {
						CreatedOnToolsVersion = 14.3;
						TestTargetID = 3BD4FEF92A5D53EA00DCD0C8;
					};
					3BD4FF182A5D53EE00DCD0C8 = {
						CreatedOnToolsVersion = 14.3;
						TestTargetID = 3BD4FEF92A5D53EA00DCD0C8;
					};
				};
			};
			buildConfigurationList = 3BD4FEF52A5D53EA00DCD0C8 /* Build configuration list for PBXProject "MSNews" */;
			compatibilityVersion = "Xcode 14.0";
			developmentRegion = en;
			hasScannedForEncodings = 0;
			knownRegions = (
				en,
				Base,
			);
			mainGroup = 3BD4FEF12A5D53EA00DCD0C8;
			packageReferences = (
				3BA08F482A5E581700440E7C /* XCRemoteSwiftPackageReference "firebase-ios-sdk" */,
			);
			productRefGroup = 3BD4FEFB2A5D53EA00DCD0C8 /* Products */;
			projectDirPath = "";
			projectRoot = "";
			targets = (
				3BD4FEF92A5D53EA00DCD0C8 /* MSNews */,
				3BD4FF0E2A5D53EE00DCD0C8 /* MSNewsTests */,
				3BD4FF182A5D53EE00DCD0C8 /* MSNewsUITests */,
			);
		};
/* End PBXProject section */

/* Begin PBXResourcesBuildPhase section */
		3BD4FEF82A5D53EA00DCD0C8 /* Resources */ = {
			isa = PBXResourcesBuildPhase;
			buildActionMask = 2147483647;
			files = (
				3BD4FF052A5D53EE00DCD0C8 /* Preview Assets.xcassets in Resources */,
				3BD4FF022A5D53EE00DCD0C8 /* Assets.xcassets in Resources */,
				3BA08F5C2A5E6DD500440E7C /* GoogleService-Info.plist in Resources */,
			);
			runOnlyForDeploymentPostprocessing = 0;
		};
		3BD4FF0D2A5D53EE00DCD0C8 /* Resources */ = {
			isa = PBXResourcesBuildPhase;
			buildActionMask = 2147483647;
			files = (
			);
			runOnlyForDeploymentPostprocessing = 0;
		};
		3BD4FF172A5D53EE00DCD0C8 /* Resources */ = {
			isa = PBXResourcesBuildPhase;
			buildActionMask = 2147483647;
			files = (
			);
			runOnlyForDeploymentPostprocessing = 0;
		};
/* End PBXResourcesBuildPhase section */

/* Begin PBXShellScriptBuildPhase section */
		3BA08F522A5E633100440E7C /* FirebaseCrashlytics Symbols uploader  */ = {
			isa = PBXShellScriptBuildPhase;
			buildActionMask = 2147483647;
			files = (
			);
			inputFileListPaths = (
				"$(SRCROOT)/MSNews/GoogleService-Info.plist",
			);
			inputPaths = (
				"\"${BUILD_DIR%/Build/*}/SourcePackages/checkouts/firebase-ios-sdk/Crashlytics/run\"",
				"$(SRCROOT)/$(BUILT_PRODUCTS_DIR)/$(INFOPLIST_PATH)",
			);
			name = "FirebaseCrashlytics Symbols uploader ";
			outputFileListPaths = (
			);
			outputPaths = (
			);
			runOnlyForDeploymentPostprocessing = 0;
			shellPath = /bin/sh;
			shellScript = "\"${BUILD_DIR%/Build/*}/SourcePackages/checkouts/firebase-ios-sdk/Crashlytics/run\"\n";
		};
/* End PBXShellScriptBuildPhase section */

/* Begin PBXSourcesBuildPhase section */
		3BD4FEF62A5D53EA00DCD0C8 /* Sources */ = {
			isa = PBXSourcesBuildPhase;
			buildActionMask = 2147483647;
			files = (
				3BD4FF4A2A5D618000DCD0C8 /* ArticleNewsViewModel.swift in Sources */,
				3BD4FF392A5D5F6C00DCD0C8 /* BookmarkTabView.swift in Sources */,
				3BD4FF372A5D5F5F00DCD0C8 /* NewsTabView.swift in Sources */,
				3BD4FF5A2A5D69CD00DCD0C8 /* SearchHistoryListView.swift in Sources */,
				3BD4FF582A5D68B200DCD0C8 /* RetryView.swift in Sources */,
				3BD4FF402A5D608900DCD0C8 /* NewsAPI.swift in Sources */,
				3BD4FF422A5D60DA00DCD0C8 /* DataStore.swift in Sources */,
				3BD4FF312A5D5C6900DCD0C8 /* SplashScreen.swift in Sources */,
				3BD4FF562A5D689200DCD0C8 /* EmptyPlaceholderView.swift in Sources */,
				3BA08F502A5E5C6F00440E7C /* MoreeTabView.swift in Sources */,
				3BD4FF502A5D682F00DCD0C8 /* ArticleRowView.swift in Sources */,
				3BD4FF522A5D684C00DCD0C8 /* ArticleListView.swift in Sources */,
				3BD4FF0A2A5D53EE00DCD0C8 /* MSNews.xcdatamodeld in Sources */,
				3BD4FF352A5D5F5100DCD0C8 /* SearchTabView.swift in Sources */,
				3BD4FF4C2A5D619600DCD0C8 /* ArticleBookmarkViewModel.swift in Sources */,
				3BD4FF072A5D53EE00DCD0C8 /* Persistence.swift in Sources */,
				3BD4FF542A5D687700DCD0C8 /* SafariView.swift in Sources */,
				3BD4FF462A5D60FF00DCD0C8 /* Article.swift in Sources */,
				3BD4FF002A5D53EA00DCD0C8 /* ContentView.swift in Sources */,
				3BD4FF482A5D612300DCD0C8 /* NewsAPIResponse.swift in Sources */,
				3BD4FF4E2A5D61A800DCD0C8 /* ArticleSearchViewModel.swift in Sources */,
				3BD4FEFE2A5D53EA00DCD0C8 /* MSNewsApp.swift in Sources */,
				3BD4FF442A5D60EC00DCD0C8 /* Category.swift in Sources */,
			);
			runOnlyForDeploymentPostprocessing = 0;
		};
		3BD4FF0B2A5D53EE00DCD0C8 /* Sources */ = {
			isa = PBXSourcesBuildPhase;
			buildActionMask = 2147483647;
			files = (
				3BD4FF142A5D53EE00DCD0C8 /* MSNewsTests.swift in Sources */,
			);
			runOnlyForDeploymentPostprocessing = 0;
		};
		3BD4FF152A5D53EE00DCD0C8 /* Sources */ = {
			isa = PBXSourcesBuildPhase;
			buildActionMask = 2147483647;
			files = (
				3BD4FF1E2A5D53EE00DCD0C8 /* MSNewsUITests.swift in Sources */,
				3BD4FF202A5D53EE00DCD0C8 /* MSNewsUITestsLaunchTests.swift in Sources */,
			);
			runOnlyForDeploymentPostprocessing = 0;
		};
/* End PBXSourcesBuildPhase section */

/* Begin PBXTargetDependency section */
		3BD4FF112A5D53EE00DCD0C8 /* PBXTargetDependency */ = {
			isa = PBXTargetDependency;
			target = 3BD4FEF92A5D53EA00DCD0C8 /* MSNews */;
			targetProxy = 3BD4FF102A5D53EE00DCD0C8 /* PBXContainerItemProxy */;
		};
		3BD4FF1B2A5D53EE00DCD0C8 /* PBXTargetDependency */ = {
			isa = PBXTargetDependency;
			target = 3BD4FEF92A5D53EA00DCD0C8 /* MSNews */;
			targetProxy = 3BD4FF1A2A5D53EE00DCD0C8 /* PBXContainerItemProxy */;
		};
/* End PBXTargetDependency section */

/* Begin XCBuildConfiguration section */
		3BD4FF212A5D53EE00DCD0C8 /* Debug */ = {
			isa = XCBuildConfiguration;
			buildSettings = {
				ALWAYS_SEARCH_USER_PATHS = NO;
				CLANG_ANALYZER_NONNULL = YES;
				CLANG_ANALYZER_NUMBER_OBJECT_CONVERSION = YES_AGGRESSIVE;
				CLANG_CXX_LANGUAGE_STANDARD = "gnu++20";
				CLANG_ENABLE_MODULES = YES;
				CLANG_ENABLE_OBJC_ARC = YES;
				CLANG_ENABLE_OBJC_WEAK = YES;
				CLANG_WARN_BLOCK_CAPTURE_AUTORELEASING = YES;
				CLANG_WARN_BOOL_CONVERSION = YES;
				CLANG_WARN_COMMA = YES;
				CLANG_WARN_CONSTANT_CONVERSION = YES;
				CLANG_WARN_DEPRECATED_OBJC_IMPLEMENTATIONS = YES;
				CLANG_WARN_DIRECT_OBJC_ISA_USAGE = YES_ERROR;
				CLANG_WARN_DOCUMENTATION_COMMENTS = YES;
				CLANG_WARN_EMPTY_BODY = YES;
				CLANG_WARN_ENUM_CONVERSION = YES;
				CLANG_WARN_INFINITE_RECURSION = YES;
				CLANG_WARN_INT_CONVERSION = YES;
				CLANG_WARN_NON_LITERAL_NULL_CONVERSION = YES;
				CLANG_WARN_OBJC_IMPLICIT_RETAIN_SELF = YES;
				CLANG_WARN_OBJC_LITERAL_CONVERSION = YES;
				CLANG_WARN_OBJC_ROOT_CLASS = YES_ERROR;
				CLANG_WARN_QUOTED_INCLUDE_IN_FRAMEWORK_HEADER = YES;
				CLANG_WARN_RANGE_LOOP_ANALYSIS = YES;
				CLANG_WARN_STRICT_PROTOTYPES = YES;
				CLANG_WARN_SUSPICIOUS_MOVE = YES;
				CLANG_WARN_UNGUARDED_AVAILABILITY = YES_AGGRESSIVE;
				CLANG_WARN_UNREACHABLE_CODE = YES;
				CLANG_WARN__DUPLICATE_METHOD_MATCH = YES;
				COPY_PHASE_STRIP = NO;
				DEBUG_INFORMATION_FORMAT = dwarf;
				ENABLE_STRICT_OBJC_MSGSEND = YES;
				ENABLE_TESTABILITY = YES;
				GCC_C_LANGUAGE_STANDARD = gnu11;
				GCC_DYNAMIC_NO_PIC = NO;
				GCC_NO_COMMON_BLOCKS = YES;
				GCC_OPTIMIZATION_LEVEL = 0;
				GCC_PREPROCESSOR_DEFINITIONS = (
					"DEBUG=1",
					"$(inherited)",
				);
				GCC_WARN_64_TO_32_BIT_CONVERSION = YES;
				GCC_WARN_ABOUT_RETURN_TYPE = YES_ERROR;
				GCC_WARN_UNDECLARED_SELECTOR = YES;
				GCC_WARN_UNINITIALIZED_AUTOS = YES_AGGRESSIVE;
				GCC_WARN_UNUSED_FUNCTION = YES;
				GCC_WARN_UNUSED_VARIABLE = YES;
				IPHONEOS_DEPLOYMENT_TARGET = 16.4;
				MTL_ENABLE_DEBUG_INFO = INCLUDE_SOURCE;
				MTL_FAST_MATH = YES;
				ONLY_ACTIVE_ARCH = YES;
				SDKROOT = iphoneos;
				SWIFT_ACTIVE_COMPILATION_CONDITIONS = DEBUG;
				SWIFT_OPTIMIZATION_LEVEL = "-Onone";
			};
			name = Debug;
		};
		3BD4FF222A5D53EE00DCD0C8 /* Release */ = {
			isa = XCBuildConfiguration;
			buildSettings = {
				ALWAYS_SEARCH_USER_PATHS = NO;
				CLANG_ANALYZER_NONNULL = YES;
				CLANG_ANALYZER_NUMBER_OBJECT_CONVERSION = YES_AGGRESSIVE;
				CLANG_CXX_LANGUAGE_STANDARD = "gnu++20";
				CLANG_ENABLE_MODULES = YES;
				CLANG_ENABLE_OBJC_ARC = YES;
				CLANG_ENABLE_OBJC_WEAK = YES;
				CLANG_WARN_BLOCK_CAPTURE_AUTORELEASING = YES;
				CLANG_WARN_BOOL_CONVERSION = YES;
				CLANG_WARN_COMMA = YES;
				CLANG_WARN_CONSTANT_CONVERSION = YES;
				CLANG_WARN_DEPRECATED_OBJC_IMPLEMENTATIONS = YES;
				CLANG_WARN_DIRECT_OBJC_ISA_USAGE = YES_ERROR;
				CLANG_WARN_DOCUMENTATION_COMMENTS = YES;
				CLANG_WARN_EMPTY_BODY = YES;
				CLANG_WARN_ENUM_CONVERSION = YES;
				CLANG_WARN_INFINITE_RECURSION = YES;
				CLANG_WARN_INT_CONVERSION = YES;
				CLANG_WARN_NON_LITERAL_NULL_CONVERSION = YES;
				CLANG_WARN_OBJC_IMPLICIT_RETAIN_SELF = YES;
				CLANG_WARN_OBJC_LITERAL_CONVERSION = YES;
				CLANG_WARN_OBJC_ROOT_CLASS = YES_ERROR;
				CLANG_WARN_QUOTED_INCLUDE_IN_FRAMEWORK_HEADER = YES;
				CLANG_WARN_RANGE_LOOP_ANALYSIS = YES;
				CLANG_WARN_STRICT_PROTOTYPES = YES;
				CLANG_WARN_SUSPICIOUS_MOVE = YES;
				CLANG_WARN_UNGUARDED_AVAILABILITY = YES_AGGRESSIVE;
				CLANG_WARN_UNREACHABLE_CODE = YES;
				CLANG_WARN__DUPLICATE_METHOD_MATCH = YES;
				COPY_PHASE_STRIP = NO;
				DEBUG_INFORMATION_FORMAT = "dwarf-with-dsym";
				ENABLE_NS_ASSERTIONS = NO;
				ENABLE_STRICT_OBJC_MSGSEND = YES;
				GCC_C_LANGUAGE_STANDARD = gnu11;
				GCC_NO_COMMON_BLOCKS = YES;
				GCC_WARN_64_TO_32_BIT_CONVERSION = YES;
				GCC_WARN_ABOUT_RETURN_TYPE = YES_ERROR;
				GCC_WARN_UNDECLARED_SELECTOR = YES;
				GCC_WARN_UNINITIALIZED_AUTOS = YES_AGGRESSIVE;
				GCC_WARN_UNUSED_FUNCTION = YES;
				GCC_WARN_UNUSED_VARIABLE = YES;
				IPHONEOS_DEPLOYMENT_TARGET = 16.4;
				MTL_ENABLE_DEBUG_INFO = NO;
				MTL_FAST_MATH = YES;
				SDKROOT = iphoneos;
				SWIFT_COMPILATION_MODE = wholemodule;
				SWIFT_OPTIMIZATION_LEVEL = "-O";
				VALIDATE_PRODUCT = YES;
			};
			name = Release;
		};
		3BD4FF242A5D53EE00DCD0C8 /* Debug */ = {
			isa = XCBuildConfiguration;
			buildSettings = {
				ASSETCATALOG_COMPILER_APPICON_NAME = AppIcon;
				ASSETCATALOG_COMPILER_GLOBAL_ACCENT_COLOR_NAME = AccentColor;
				CODE_SIGN_STYLE = Automatic;
				CURRENT_PROJECT_VERSION = 1;
				DEBUG_INFORMATION_FORMAT = "dwarf-with-dsym";
				DEVELOPMENT_ASSET_PATHS = "\"MSNews/Preview Content\"";
				DEVELOPMENT_TEAM = L5732BW8N5;
				ENABLE_PREVIEWS = YES;
				GENERATE_INFOPLIST_FILE = YES;
				INFOPLIST_KEY_UIApplicationSceneManifest_Generation = YES;
				INFOPLIST_KEY_UIApplicationSupportsIndirectInputEvents = YES;
				INFOPLIST_KEY_UILaunchScreen_Generation = YES;
				INFOPLIST_KEY_UISupportedInterfaceOrientations_iPad = "UIInterfaceOrientationPortrait UIInterfaceOrientationPortraitUpsideDown UIInterfaceOrientationLandscapeLeft UIInterfaceOrientationLandscapeRight";
				INFOPLIST_KEY_UISupportedInterfaceOrientations_iPhone = "UIInterfaceOrientationPortrait UIInterfaceOrientationLandscapeLeft UIInterfaceOrientationLandscapeRight";
				IPHONEOS_DEPLOYMENT_TARGET = 15.0;
				LD_RUNPATH_SEARCH_PATHS = (
					"$(inherited)",
					"@executable_path/Frameworks",
				);
				MARKETING_VERSION = 1.0;
				PRODUCT_BUNDLE_IDENTIFIER = com.rml.ixguard.test;
				PRODUCT_NAME = "$(TARGET_NAME)";
				SWIFT_EMIT_LOC_STRINGS = YES;
				SWIFT_VERSION = 5.0;
				TARGETED_DEVICE_FAMILY = "1,2";
			};
			name = Debug;
		};
		3BD4FF252A5D53EE00DCD0C8 /* Release */ = {
			isa = XCBuildConfiguration;
			buildSettings = {
				ASSETCATALOG_COMPILER_APPICON_NAME = AppIcon;
				ASSETCATALOG_COMPILER_GLOBAL_ACCENT_COLOR_NAME = AccentColor;
				CODE_SIGN_STYLE = Automatic;
				CURRENT_PROJECT_VERSION = 1;
				DEVELOPMENT_ASSET_PATHS = "\"MSNews/Preview Content\"";
				DEVELOPMENT_TEAM = L5732BW8N5;
				ENABLE_PREVIEWS = YES;
				GENERATE_INFOPLIST_FILE = YES;
				INFOPLIST_KEY_UIApplicationSceneManifest_Generation = YES;
				INFOPLIST_KEY_UIApplicationSupportsIndirectInputEvents = YES;
				INFOPLIST_KEY_UILaunchScreen_Generation = YES;
				INFOPLIST_KEY_UISupportedInterfaceOrientations_iPad = "UIInterfaceOrientationPortrait UIInterfaceOrientationPortraitUpsideDown UIInterfaceOrientationLandscapeLeft UIInterfaceOrientationLandscapeRight";
				INFOPLIST_KEY_UISupportedInterfaceOrientations_iPhone = "UIInterfaceOrientationPortrait UIInterfaceOrientationLandscapeLeft UIInterfaceOrientationLandscapeRight";
				IPHONEOS_DEPLOYMENT_TARGET = 15.0;
				LD_RUNPATH_SEARCH_PATHS = (
					"$(inherited)",
					"@executable_path/Frameworks",
				);
				MARKETING_VERSION = 1.0;
				PRODUCT_BUNDLE_IDENTIFIER = com.rml.ixguard.test;
				PRODUCT_NAME = "$(TARGET_NAME)";
				SWIFT_EMIT_LOC_STRINGS = YES;
				SWIFT_VERSION = 5.0;
				TARGETED_DEVICE_FAMILY = "1,2";
			};
			name = Release;
		};
		3BD4FF272A5D53EE00DCD0C8 /* Debug */ = {
			isa = XCBuildConfiguration;
			buildSettings = {
				ALWAYS_EMBED_SWIFT_STANDARD_LIBRARIES = YES;
				BUNDLE_LOADER = "$(TEST_HOST)";
				CODE_SIGN_STYLE = Automatic;
				CURRENT_PROJECT_VERSION = 1;
				DEVELOPMENT_TEAM = L5732BW8N5;
				GENERATE_INFOPLIST_FILE = YES;
				IPHONEOS_DEPLOYMENT_TARGET = 16.4;
				MARKETING_VERSION = 1.0;
				PRODUCT_BUNDLE_IDENTIFIER = com.rml.ixguard.test.MSNewsTests;
				PRODUCT_NAME = "$(TARGET_NAME)";
				SWIFT_EMIT_LOC_STRINGS = NO;
				SWIFT_VERSION = 5.0;
				TARGETED_DEVICE_FAMILY = "1,2";
				TEST_HOST = "$(BUILT_PRODUCTS_DIR)/MSNews.app/$(BUNDLE_EXECUTABLE_FOLDER_PATH)/MSNews";
			};
			name = Debug;
		};
		3BD4FF282A5D53EE00DCD0C8 /* Release */ = {
			isa = XCBuildConfiguration;
			buildSettings = {
				ALWAYS_EMBED_SWIFT_STANDARD_LIBRARIES = YES;
				BUNDLE_LOADER = "$(TEST_HOST)";
				CODE_SIGN_STYLE = Automatic;
				CURRENT_PROJECT_VERSION = 1;
				DEVELOPMENT_TEAM = L5732BW8N5;
				GENERATE_INFOPLIST_FILE = YES;
				IPHONEOS_DEPLOYMENT_TARGET = 16.4;
				MARKETING_VERSION = 1.0;
				PRODUCT_BUNDLE_IDENTIFIER = com.rml.ixguard.test.MSNewsTests;
				PRODUCT_NAME = "$(TARGET_NAME)";
				SWIFT_EMIT_LOC_STRINGS = NO;
				SWIFT_VERSION = 5.0;
				TARGETED_DEVICE_FAMILY = "1,2";
				TEST_HOST = "$(BUILT_PRODUCTS_DIR)/MSNews.app/$(BUNDLE_EXECUTABLE_FOLDER_PATH)/MSNews";
			};
			name = Release;
		};
		3BD4FF2A2A5D53EE00DCD0C8 /* Debug */ = {
			isa = XCBuildConfiguration;
			buildSettings = {
				ALWAYS_EMBED_SWIFT_STANDARD_LIBRARIES = YES;
				CODE_SIGN_STYLE = Automatic;
				CURRENT_PROJECT_VERSION = 1;
				DEVELOPMENT_TEAM = L5732BW8N5;
				GENERATE_INFOPLIST_FILE = YES;
				MARKETING_VERSION = 1.0;
				PRODUCT_BUNDLE_IDENTIFIER = com.rml.ixguard.test.MSNewsUITests;
				PRODUCT_NAME = "$(TARGET_NAME)";
				SWIFT_EMIT_LOC_STRINGS = NO;
				SWIFT_VERSION = 5.0;
				TARGETED_DEVICE_FAMILY = "1,2";
				TEST_TARGET_NAME = MSNews;
			};
			name = Debug;
		};
		3BD4FF2B2A5D53EE00DCD0C8 /* Release */ = {
			isa = XCBuildConfiguration;
			buildSettings = {
				ALWAYS_EMBED_SWIFT_STANDARD_LIBRARIES = YES;
				CODE_SIGN_STYLE = Automatic;
				CURRENT_PROJECT_VERSION = 1;
				DEVELOPMENT_TEAM = L5732BW8N5;
				GENERATE_INFOPLIST_FILE = YES;
				MARKETING_VERSION = 1.0;
				PRODUCT_BUNDLE_IDENTIFIER = com.rml.ixguard.test.MSNewsUITests;
				PRODUCT_NAME = "$(TARGET_NAME)";
				SWIFT_EMIT_LOC_STRINGS = NO;
				SWIFT_VERSION = 5.0;
				TARGETED_DEVICE_FAMILY = "1,2";
				TEST_TARGET_NAME = MSNews;
			};
			name = Release;
		};
/* End XCBuildConfiguration section */

/* Begin XCConfigurationList section */
		3BD4FEF52A5D53EA00DCD0C8 /* Build configuration list for PBXProject "MSNews" */ = {
			isa = XCConfigurationList;
			buildConfigurations = (
				3BD4FF212A5D53EE00DCD0C8 /* Debug */,
				3BD4FF222A5D53EE00DCD0C8 /* Release */,
			);
			defaultConfigurationIsVisible = 0;
			defaultConfigurationName = Release;
		};
		3BD4FF232A5D53EE00DCD0C8 /* Build configuration list for PBXNativeTarget "MSNews" */ = {
			isa = XCConfigurationList;
			buildConfigurations = (
				3BD4FF242A5D53EE00DCD0C8 /* Debug */,
				3BD4FF252A5D53EE00DCD0C8 /* Release */,
			);
			defaultConfigurationIsVisible = 0;
			defaultConfigurationName = Release;
		};
		3BD4FF262A5D53EE00DCD0C8 /* Build configuration list for PBXNativeTarget "MSNewsTests" */ = {
			isa = XCConfigurationList;
			buildConfigurations = (
				3BD4FF272A5D53EE00DCD0C8 /* Debug */,
				3BD4FF282A5D53EE00DCD0C8 /* Release */,
			);
			defaultConfigurationIsVisible = 0;
			defaultConfigurationName = Release;
		};
		3BD4FF292A5D53EE00DCD0C8 /* Build configuration list for PBXNativeTarget "MSNewsUITests" */ = {
			isa = XCConfigurationList;
			buildConfigurations = (
				3BD4FF2A2A5D53EE00DCD0C8 /* Debug */,
				3BD4FF2B2A5D53EE00DCD0C8 /* Release */,
			);
			defaultConfigurationIsVisible = 0;
			defaultConfigurationName = Release;
		};
/* End XCConfigurationList section */

/* Begin XCRemoteSwiftPackageReference section */
		3BA08F482A5E581700440E7C /* XCRemoteSwiftPackageReference "firebase-ios-sdk" */ = {
			isa = XCRemoteSwiftPackageReference;
			repositoryURL = "https://github.com/firebase/firebase-ios-sdk";
			requirement = {
				kind = upToNextMajorVersion;
				minimumVersion = 10.0.0;
			};
		};
/* End XCRemoteSwiftPackageReference section */

/* Begin XCSwiftPackageProductDependency section */
		3BA08F492A5E581700440E7C /* FirebaseAnalytics */ = {
			isa = XCSwiftPackageProductDependency;
			package = 3BA08F482A5E581700440E7C /* XCRemoteSwiftPackageReference "firebase-ios-sdk" */;
			productName = FirebaseAnalytics;
		};
		3BA08F4B2A5E581700440E7C /* FirebaseAuth */ = {
			isa = XCSwiftPackageProductDependency;
			package = 3BA08F482A5E581700440E7C /* XCRemoteSwiftPackageReference "firebase-ios-sdk" */;
			productName = FirebaseAuth;
		};
		3BA08F4D2A5E581700440E7C /* FirebaseCrashlytics */ = {
			isa = XCSwiftPackageProductDependency;
			package = 3BA08F482A5E581700440E7C /* XCRemoteSwiftPackageReference "firebase-ios-sdk" */;
			productName = FirebaseCrashlytics;
		};
/* End XCSwiftPackageProductDependency section */

/* Begin XCVersionGroup section */
		3BD4FF082A5D53EE00DCD0C8 /* MSNews.xcdatamodeld */ = {
			isa = XCVersionGroup;
			children = (
				3BD4FF092A5D53EE00DCD0C8 /* MSNews.xcdatamodel */,
			);
			currentVersion = 3BD4FF092A5D53EE00DCD0C8 /* MSNews.xcdatamodel */;
			path = MSNews.xcdatamodeld;
			sourceTree = "<group>";
			versionGroupType = wrapper.xcdatamodel;
		};
/* End XCVersionGroup section */
	};
	rootObject = 3BD4FEF22A5D53EA00DCD0C8 /* Project object */;
}
